
Microsoft Visual Studio Solution File, Format Version 12.00
# Visual Studio Version 17
VisualStudioVersion = 17.8.34004.107
MinimumVisualStudioVersion = 10.0.40219.1
Project("{FAE04EC0-301F-11D3-BF4B-00C04F79EFBC}") = "NetCoreWithGraphQL", "NetCoreWithGraphQL\NetCoreWithGraphQL.csproj", "{4BC8319C-36F6-4036-84C0-96483A5D2C52}"
EndProject
Global
	GlobalSection(SolutionConfigurationPlatforms) = preSolution
		Debug|Any CPU = Debug|Any CPU
		Release|Any CPU = Release|Any CPU
	EndGlobalSection
	GlobalSection(ProjectConfigurationPlatforms) = postSolution
		{4BC8319C-36F6-4036-84C0-96483A5D2C52}.Debug|Any CPU.ActiveCfg = Debug|Any CPU
		{4BC8319C-36F6-4036-84C0-96483A5D2C52}.Debug|Any CPU.Build.0 = Debug|Any CPU
		{4BC8319C-36F6-4036-84C0-96483A5D2C52}.Release|Any CPU.ActiveCfg = Release|Any CPU
		{4BC8319C-36F6-4036-84C0-96483A5D2C52}.Release|Any CPU.Build.0 = Release|Any CPU
	EndGlobalSection
	GlobalSection(SolutionProperties) = preSolution
		HideSolutionNode = FALSE
	EndGlobalSection
	GlobalSection(ExtensibilityGlobals) = postSolution
		SolutionGuid = {548707C2-4A6C-4DBC-B96B-C289FCC442B7}
	EndGlobalSection
EndGlobal
